
Microsoft Visual Studio Solution File, Format Version 12.00
# Visual Studio Version 17
VisualStudioVersion = 17.0.31903.59
MinimumVisualStudioVersion = 10.0.40219.1
Project("{9A19103F-16F7-4668-BE54-9A1E7A4F7556}") = "Build", "build\Build.csproj", "{8363325E-56EB-4B87-B170-C28237FB80CC}"
EndProject
Project("{9A19103F-16F7-4668-BE54-9A1E7A4F7556}") = "MonoGame.Library.BuildScripts", "buildscripts\MonoGame.Library.BuildScripts.csproj", "{A5FA98AA-D51B-44AD-9CBF-F33F551E5A55}"
EndProject
Global
	GlobalSection(SolutionConfigurationPlatforms) = preSolution
		Debug|Any CPU = Debug|Any CPU
		Release|Any CPU = Release|Any CPU
	EndGlobalSection
	GlobalSection(ProjectConfigurationPlatforms) = postSolution
		{8363325E-56EB-4B87-B170-C28237FB80CC}.Debug|Any CPU.ActiveCfg = Debug|Any CPU
		{8363325E-56EB-4B87-B170-C28237FB80CC}.Debug|Any CPU.Build.0 = Debug|Any CPU
		{8363325E-56EB-4B87-B170-C28237FB80CC}.Release|Any CPU.ActiveCfg = Release|Any CPU
		{8363325E-56EB-4B87-B170-C28237FB80CC}.Release|Any CPU.Build.0 = Release|Any CPU
		{A5FA98AA-D51B-44AD-9CBF-F33F551E5A55}.Debug|Any CPU.ActiveCfg = Debug|Any CPU
		{A5FA98AA-D51B-44AD-9CBF-F33F551E5A55}.Debug|Any CPU.Build.0 = Debug|Any CPU
		{A5FA98AA-D51B-44AD-9CBF-F33F551E5A55}.Release|Any CPU.ActiveCfg = Release|Any CPU
		{A5FA98AA-D51B-44AD-9CBF-F33F551E5A55}.Release|Any CPU.Build.0 = Release|Any CPU
	EndGlobalSection
	GlobalSection(SolutionProperties) = preSolution
		HideSolutionNode = FALSE
	EndGlobalSection
EndGlobal
